
Microsoft Visual Studio Solution File, Format Version 12.00
# Visual Studio Version 17
VisualStudioVersion = 17.4.33122.133
MinimumVisualStudioVersion = 10.0.40219.1
Project("{9A19103F-16F7-4668-BE54-9A1E7A4F7556}") = "ThoughtEcho.API", "ThoughtEcho.API\ThoughtEcho.API.csproj", "{1E488A7B-7F1A-4EA1-A5EF-4CB6B8EFC2D8}"
	ProjectSection(ProjectDependencies) = postProject
		{9B5C6974-A8B1-4C4C-BDB4-B997B01AE83C} = {9B5C6974-A8B1-4C4C-BDB4-B997B01AE83C}
		{FE55D692-2888-47E7-933B-871155B2AE06} = {FE55D692-2888-47E7-933B-871155B2AE06}
	EndProjectSection
EndProject
Project("{9A19103F-16F7-4668-BE54-9A1E7A4F7556}") = "ThoughtEcho.Repository", "ThoughtEcho.Repository\ThoughtEcho.Repository.csproj", "{C450284D-1A5E-4AD3-8051-F669B547EAF0}"
EndProject
Project("{9A19103F-16F7-4668-BE54-9A1E7A4F7556}") = "ThoughtEcho.Services", "ThoughtEcho.Services\ThoughtEcho.Services.csproj", "{9B5C6974-A8B1-4C4C-BDB4-B997B01AE83C}"
EndProject
Project("{9A19103F-16F7-4668-BE54-9A1E7A4F7556}") = "ThoughtEcho.Entities", "ThoughtEcho.Entities\ThoughtEcho.Entities.csproj", "{CD31C20A-07D8-47E2-87C4-EB5088759CD4}"
EndProject
Project("{9A19103F-16F7-4668-BE54-9A1E7A4F7556}") = "ThoughtEcho.DependencyResolver", "ThoughtEcho.DependencyResolver\ThoughtEcho.DependencyResolver.csproj", "{FE55D692-2888-47E7-933B-871155B2AE06}"
EndProject
Project("{9A19103F-16F7-4668-BE54-9A1E7A4F7556}") = "ThoughtEcho.Models", "ThoughtEcho.Models\ThoughtEcho.Models.csproj", "{1917CF4D-4006-42A9-A067-29C6095EC8D2}"
EndProject
Project("{FAE04EC0-301F-11D3-BF4B-00C04F79EFBC}") = "ThoughtEcho.Utilities", "ThoughtEcho.Utilities\ThoughtEcho.Utilities.csproj", "{9BA7319B-F277-4F4D-968E-5FF8CBED15FF}"
EndProject
Global
	GlobalSection(SolutionConfigurationPlatforms) = preSolution
		Debug|Any CPU = Debug|Any CPU
		Release|Any CPU = Release|Any CPU
	EndGlobalSection
	GlobalSection(ProjectConfigurationPlatforms) = postSolution
		{1E488A7B-7F1A-4EA1-A5EF-4CB6B8EFC2D8}.Debug|Any CPU.ActiveCfg = Debug|Any CPU
		{1E488A7B-7F1A-4EA1-A5EF-4CB6B8EFC2D8}.Debug|Any CPU.Build.0 = Debug|Any CPU
		{1E488A7B-7F1A-4EA1-A5EF-4CB6B8EFC2D8}.Release|Any CPU.ActiveCfg = Release|Any CPU
		{1E488A7B-7F1A-4EA1-A5EF-4CB6B8EFC2D8}.Release|Any CPU.Build.0 = Release|Any CPU
		{C450284D-1A5E-4AD3-8051-F669B547EAF0}.Debug|Any CPU.ActiveCfg = Debug|Any CPU
		{C450284D-1A5E-4AD3-8051-F669B547EAF0}.Debug|Any CPU.Build.0 = Debug|Any CPU
		{C450284D-1A5E-4AD3-8051-F669B547EAF0}.Release|Any CPU.ActiveCfg = Release|Any CPU
		{C450284D-1A5E-4AD3-8051-F669B547EAF0}.Release|Any CPU.Build.0 = Release|Any CPU
		{9B5C6974-A8B1-4C4C-BDB4-B997B01AE83C}.Debug|Any CPU.ActiveCfg = Debug|Any CPU
		{9B5C6974-A8B1-4C4C-BDB4-B997B01AE83C}.Debug|Any CPU.Build.0 = Debug|Any CPU
		{9B5C6974-A8B1-4C4C-BDB4-B997B01AE83C}.Release|Any CPU.ActiveCfg = Release|Any CPU
		{9B5C6974-A8B1-4C4C-BDB4-B997B01AE83C}.Release|Any CPU.Build.0 = Release|Any CPU
		{CD31C20A-07D8-47E2-87C4-EB5088759CD4}.Debug|Any CPU.ActiveCfg = Debug|Any CPU
		{CD31C20A-07D8-47E2-87C4-EB5088759CD4}.Debug|Any CPU.Build.0 = Debug|Any CPU
		{CD31C20A-07D8-47E2-87C4-EB5088759CD4}.Release|Any CPU.ActiveCfg = Release|Any CPU
		{CD31C20A-07D8-47E2-87C4-EB5088759CD4}.Release|Any CPU.Build.0 = Release|Any CPU
		{FE55D692-2888-47E7-933B-871155B2AE06}.Debug|Any CPU.ActiveCfg = Debug|Any CPU
		{FE55D692-2888-47E7-933B-871155B2AE06}.Debug|Any CPU.Build.0 = Debug|Any CPU
		{FE55D692-2888-47E7-933B-871155B2AE06}.Release|Any CPU.ActiveCfg = Release|Any CPU
		{FE55D692-2888-47E7-933B-871155B2AE06}.Release|Any CPU.Build.0 = Release|Any CPU
		{1917CF4D-4006-42A9-A067-29C6095EC8D2}.Debug|Any CPU.ActiveCfg = Debug|Any CPU
		{1917CF4D-4006-42A9-A067-29C6095EC8D2}.Debug|Any CPU.Build.0 = Debug|Any CPU
		{1917CF4D-4006-42A9-A067-29C6095EC8D2}.Release|Any CPU.ActiveCfg = Release|Any CPU
		{1917CF4D-4006-42A9-A067-29C6095EC8D2}.Release|Any CPU.Build.0 = Release|Any CPU
		{9BA7319B-F277-4F4D-968E-5FF8CBED15FF}.Debug|Any CPU.ActiveCfg = Debug|Any CPU
		{9BA7319B-F277-4F4D-968E-5FF8CBED15FF}.Debug|Any CPU.Build.0 = Debug|Any CPU
		{9BA7319B-F277-4F4D-968E-5FF8CBED15FF}.Release|Any CPU.ActiveCfg = Release|Any CPU
		{9BA7319B-F277-4F4D-968E-5FF8CBED15FF}.Release|Any CPU.Build.0 = Release|Any CPU
	EndGlobalSection
	GlobalSection(SolutionProperties) = preSolution
		HideSolutionNode = FALSE
	EndGlobalSection
	GlobalSection(ExtensibilityGlobals) = postSolution
		SolutionGuid = {6B59E872-E0D6-4EFB-9DD0-AC55F68995F3}
	EndGlobalSection
EndGlobal
